// !$*UTF8*$!
{
	archiveVersion = 1;
	classes = {
	};
	objectVersion = 51;
	objects = {

/* Begin PBXBuildFile section */
		26686A0A6F24715B9C57DB0B /* Pods_WebView1_WebView1UITests.framework in Frameworks */ = {isa = PBXBuildFile; fileRef = 880C2BC174927E6C2484FA02 /* Pods_WebView1_WebView1UITests.framework */; };
		662464D71B6B8E92D6779C2B /* Pods_WebView1.framework in Frameworks */ = {isa = PBXBuildFile; fileRef = 572E1780B25BB58F094A420C /* Pods_WebView1.framework */; };
		C12D545625ECC22D0066F914 /* BaseViewController.m in Sources */ = {isa = PBXBuildFile; fileRef = C12D545525ECC22D0066F914 /* BaseViewController.m */; };
		C12D546125ECC8D30066F914 /* BaseViewController1.m in Sources */ = {isa = PBXBuildFile; fileRef = C12D546025ECC8D30066F914 /* BaseViewController1.m */; };
		C12D547C25ECD40B0066F914 /* UIWebViewJavaScriptCoreViewController.m in Sources */ = {isa = PBXBuildFile; fileRef = C12D547125ECD40B0066F914 /* UIWebViewJavaScriptCoreViewController.m */; };
		C12D547D25ECD40B0066F914 /* UIWebView-JavaScriptCore.html in Resources */ = {isa = PBXBuildFile; fileRef = C12D547325ECD40B0066F914 /* UIWebView-JavaScriptCore.html */; };
		C12D547E25ECD40B0066F914 /* UiWebViewProtocolinterceptViewController.m in Sources */ = {isa = PBXBuildFile; fileRef = C12D547625ECD40B0066F914 /* UiWebViewProtocolinterceptViewController.m */; };
		C12D547F25ECD40B0066F914 /* UIWebView-Intercept.html in Resources */ = {isa = PBXBuildFile; fileRef = C12D547725ECD40B0066F914 /* UIWebView-Intercept.html */; };
		C12D548025ECD40B0066F914 /* WKWebViewProtocolinterceptViewController.m in Sources */ = {isa = PBXBuildFile; fileRef = C12D547925ECD40B0066F914 /* WKWebViewProtocolinterceptViewController.m */; };
		C12D548125ECD40B0066F914 /* WKWebView-Intercept.html in Resources */ = {isa = PBXBuildFile; fileRef = C12D547A25ECD40B0066F914 /* WKWebView-Intercept.html */; };
		C12D548D25ECD5350066F914 /* WKWebView-WKScriptMessageHandler.html in Resources */ = {isa = PBXBuildFile; fileRef = C12D548C25ECD5350066F914 /* WKWebView-WKScriptMessageHandler.html */; };
		C12D549325ECD55F0066F914 /* WKWebViewWKScriptMessageHandlerController.m in Sources */ = {isa = PBXBuildFile; fileRef = C12D549225ECD55F0066F914 /* WKWebViewWKScriptMessageHandlerController.m */; };
		C12D54AC25ECDED40066F914 /* WKWebViewJavaScriptBridgeController.m in Sources */ = {isa = PBXBuildFile; fileRef = C12D54AB25ECDED40066F914 /* WKWebViewJavaScriptBridgeController.m */; };
		C12D54B425ECDF1D0066F914 /* WKWebView-JavascriptBridge.html in Resources */ = {isa = PBXBuildFile; fileRef = C12D54B325ECDF1D0066F914 /* WKWebView-JavascriptBridge.html */; };
		C1BDC38D25E89E9D001B660A /* AppDelegate.m in Sources */ = {isa = PBXBuildFile; fileRef = C1BDC38C25E89E9D001B660A /* AppDelegate.m */; };
		C1BDC39025E89E9D001B660A /* SceneDelegate.m in Sources */ = {isa = PBXBuildFile; fileRef = C1BDC38F25E89E9D001B660A /* SceneDelegate.m */; };
		C1BDC39325E89E9E001B660A /* ViewController.m in Sources */ = {isa = PBXBuildFile; fileRef = C1BDC39225E89E9E001B660A /* ViewController.m */; };
		C1BDC39825E89E9E001B660A /* Assets.xcassets in Resources */ = {isa = PBXBuildFile; fileRef = C1BDC39725E89E9E001B660A /* Assets.xcassets */; };
		C1BDC39B25E89E9E001B660A /* LaunchScreen.storyboard in Resources */ = {isa = PBXBuildFile; fileRef = C1BDC39925E89E9E001B660A /* LaunchScreen.storyboard */; };
		C1BDC39E25E89E9E001B660A /* main.m in Sources */ = {isa = PBXBuildFile; fileRef = C1BDC39D25E89E9E001B660A /* main.m */; };
		C1BDC3A825E89E9E001B660A /* WebView1Tests.m in Sources */ = {isa = PBXBuildFile; fileRef = C1BDC3A725E89E9E001B660A /* WebView1Tests.m */; };
		C1BDC3B325E89E9E001B660A /* WebView1UITests.m in Sources */ = {isa = PBXBuildFile; fileRef = C1BDC3B225E89E9E001B660A /* WebView1UITests.m */; };
		F92B9A9663B812A182D5126F /* Pods_WebView1Tests.framework in Frameworks */ = {isa = PBXBuildFile; fileRef = 8236D02EE9AD84E7EDC53F64 /* Pods_WebView1Tests.framework */; };
/* End PBXBuildFile section */

/* Begin PBXContainerItemProxy section */
		C1BDC3A425E89E9E001B660A /* PBXContainerItemProxy */ = {
			isa = PBXContainerItemProxy;
			containerPortal = C1BDC38025E89E9D001B660A /* Project object */;
			proxyType = 1;
			remoteGlobalIDString = C1BDC38725E89E9D001B660A;
			remoteInfo = WebView1;
		};
		C1BDC3AF25E89E9E001B660A /* PBXContainerItemProxy */ = {
			isa = PBXContainerItemProxy;
			containerPortal = C1BDC38025E89E9D001B660A /* Project object */;
			proxyType = 1;
			remoteGlobalIDString = C1BDC38725E89E9D001B660A;
			remoteInfo = WebView1;
		};
/* End PBXContainerItemProxy section */

/* Begin PBXFileReference section */
		28E97B6A242EF7DBD95EE9BF /* Pods-WebView1.debug.xcconfig */ = {isa = PBXFileReference; includeInIndex = 1; lastKnownFileType = text.xcconfig; name = "Pods-WebView1.debug.xcconfig"; path = "Target Support Files/Pods-WebView1/Pods-WebView1.debug.xcconfig"; sourceTree = "<group>"; };
		2D517A896DDF17B4375454D4 /* Pods-WebView1.release.xcconfig */ = {isa = PBXFileReference; includeInIndex = 1; lastKnownFileType = text.xcconfig; name = "Pods-WebView1.release.xcconfig"; path = "Target Support Files/Pods-WebView1/Pods-WebView1.release.xcconfig"; sourceTree = "<group>"; };
		399D100B693FABC2500DC22C /* Pods-WebView1-WebView1UITests.debug.xcconfig */ = {isa = PBXFileReference; includeInIndex = 1; lastKnownFileType = text.xcconfig; name = "Pods-WebView1-WebView1UITests.debug.xcconfig"; path = "Target Support Files/Pods-WebView1-WebView1UITests/Pods-WebView1-WebView1UITests.debug.xcconfig"; sourceTree = "<group>"; };
		572E1780B25BB58F094A420C /* Pods_WebView1.framework */ = {isa = PBXFileReference; explicitFileType = wrapper.framework; includeInIndex = 0; path = Pods_WebView1.framework; sourceTree = BUILT_PRODUCTS_DIR; };
		7EBBC128DB18ED7F2977C711 /* Pods-WebView1Tests.release.xcconfig */ = {isa = PBXFileReference; includeInIndex = 1; lastKnownFileType = text.xcconfig; name = "Pods-WebView1Tests.release.xcconfig"; path = "Target Support Files/Pods-WebView1Tests/Pods-WebView1Tests.release.xcconfig"; sourceTree = "<group>"; };
		8236D02EE9AD84E7EDC53F64 /* Pods_WebView1Tests.framework */ = {isa = PBXFileReference; explicitFileType = wrapper.framework; includeInIndex = 0; path = Pods_WebView1Tests.framework; sourceTree = BUILT_PRODUCTS_DIR; };
		880C2BC174927E6C2484FA02 /* Pods_WebView1_WebView1UITests.framework */ = {isa = PBXFileReference; explicitFileType = wrapper.framework; includeInIndex = 0; path = Pods_WebView1_WebView1UITests.framework; sourceTree = BUILT_PRODUCTS_DIR; };
		9E7A49DDE422B4BE210A2E63 /* Pods-WebView1Tests.debug.xcconfig */ = {isa = PBXFileReference; includeInIndex = 1; lastKnownFileType = text.xcconfig; name = "Pods-WebView1Tests.debug.xcconfig"; path = "Target Support Files/Pods-WebView1Tests/Pods-WebView1Tests.debug.xcconfig"; sourceTree = "<group>"; };
		A9F5453E2B18C78723A477CE /* Pods-WebView1-WebView1UITests.release.xcconfig */ = {isa = PBXFileReference; includeInIndex = 1; lastKnownFileType = text.xcconfig; name = "Pods-WebView1-WebView1UITests.release.xcconfig"; path = "Target Support Files/Pods-WebView1-WebView1UITests/Pods-WebView1-WebView1UITests.release.xcconfig"; sourceTree = "<group>"; };
		C12D545425ECC22D0066F914 /* BaseViewController.h */ = {isa = PBXFileReference; lastKnownFileType = sourcecode.c.h; path = BaseViewController.h; sourceTree = "<group>"; };
		C12D545525ECC22D0066F914 /* BaseViewController.m */ = {isa = PBXFileReference; lastKnownFileType = sourcecode.c.objc; path = BaseViewController.m; sourceTree = "<group>"; };
		C12D545F25ECC8D30066F914 /* BaseViewController1.h */ = {isa = PBXFileReference; lastKnownFileType = sourcecode.c.h; path = BaseViewController1.h; sourceTree = "<group>"; };
		C12D546025ECC8D30066F914 /* BaseViewController1.m */ = {isa = PBXFileReference; lastKnownFileType = sourcecode.c.objc; path = BaseViewController1.m; sourceTree = "<group>"; };
		C12D547125ECD40B0066F914 /* UIWebViewJavaScriptCoreViewController.m */ = {isa = PBXFileReference; fileEncoding = 4; lastKnownFileType = sourcecode.c.objc; path = UIWebViewJavaScriptCoreViewController.m; sourceTree = "<group>"; };
		C12D547225ECD40B0066F914 /* UIWebViewJavaScriptCoreViewController.h */ = {isa = PBXFileReference; fileEncoding = 4; lastKnownFileType = sourcecode.c.h; path = UIWebViewJavaScriptCoreViewController.h; sourceTree = "<group>"; };
		C12D547325ECD40B0066F914 /* UIWebView-JavaScriptCore.html */ = {isa = PBXFileReference; fileEncoding = 4; lastKnownFileType = text.html; path = "UIWebView-JavaScriptCore.html"; sourceTree = "<group>"; };
		C12D547525ECD40B0066F914 /* UiWebViewProtocolinterceptViewController.h */ = {isa = PBXFileReference; fileEncoding = 4; lastKnownFileType = sourcecode.c.h; path = UiWebViewProtocolinterceptViewController.h; sourceTree = "<group>"; };
		C12D547625ECD40B0066F914 /* UiWebViewProtocolinterceptViewController.m */ = {isa = PBXFileReference; fileEncoding = 4; lastKnownFileType = sourcecode.c.objc; path = UiWebViewProtocolinterceptViewController.m; sourceTree = "<group>"; };
		C12D547725ECD40B0066F914 /* UIWebView-Intercept.html */ = {isa = PBXFileReference; fileEncoding = 4; lastKnownFileType = text.html; path = "UIWebView-Intercept.html"; sourceTree = "<group>"; };
		C12D547925ECD40B0066F914 /* WKWebViewProtocolinterceptViewController.m */ = {isa = PBXFileReference; fileEncoding = 4; lastKnownFileType = sourcecode.c.objc; path = WKWebViewProtocolinterceptViewController.m; sourceTree = "<group>"; };
		C12D547A25ECD40B0066F914 /* WKWebView-Intercept.html */ = {isa = PBXFileReference; fileEncoding = 4; lastKnownFileType = text.html; path = "WKWebView-Intercept.html"; sourceTree = "<group>"; };
		C12D547B25ECD40B0066F914 /* WKWebViewProtocolinterceptViewController.h */ = {isa = PBXFileReference; fileEncoding = 4; lastKnownFileType = sourcecode.c.h; path = WKWebViewProtocolinterceptViewController.h; sourceTree = "<group>"; };
		C12D548C25ECD5350066F914 /* WKWebView-WKScriptMessageHandler.html */ = {isa = PBXFileReference; fileEncoding = 4; lastKnownFileType = text.html; path = "WKWebView-WKScriptMessageHandler.html"; sourceTree = "<group>"; };
		C12D549125ECD55F0066F914 /* WKWebViewWKScriptMessageHandlerController.h */ = {isa = PBXFileReference; lastKnownFileType = sourcecode.c.h; path = WKWebViewWKScriptMessageHandlerController.h; sourceTree = "<group>"; };
		C12D549225ECD55F0066F914 /* WKWebViewWKScriptMessageHandlerController.m */ = {isa = PBXFileReference; lastKnownFileType = sourcecode.c.objc; path = WKWebViewWKScriptMessageHandlerController.m; sourceTree = "<group>"; };
		C12D54AA25ECDED40066F914 /* WKWebViewJavaScriptBridgeController.h */ = {isa = PBXFileReference; lastKnownFileType = sourcecode.c.h; path = WKWebViewJavaScriptBridgeController.h; sourceTree = "<group>"; };
		C12D54AB25ECDED40066F914 /* WKWebViewJavaScriptBridgeController.m */ = {isa = PBXFileReference; lastKnownFileType = sourcecode.c.objc; path = WKWebViewJavaScriptBridgeController.m; sourceTree = "<group>"; };
		C12D54B325ECDF1D0066F914 /* WKWebView-JavascriptBridge.html */ = {isa = PBXFileReference; fileEncoding = 4; lastKnownFileType = text.html; path = "WKWebView-JavascriptBridge.html"; sourceTree = "<group>"; };
		C1BDC38825E89E9D001B660A /* WebView1.app */ = {isa = PBXFileReference; explicitFileType = wrapper.application; includeInIndex = 0; path = WebView1.app; sourceTree = BUILT_PRODUCTS_DIR; };
		C1BDC38B25E89E9D001B660A /* AppDelegate.h */ = {isa = PBXFileReference; lastKnownFileType = sourcecode.c.h; path = AppDelegate.h; sourceTree = "<group>"; };
		C1BDC38C25E89E9D001B660A /* AppDelegate.m */ = {isa = PBXFileReference; lastKnownFileType = sourcecode.c.objc; path = AppDelegate.m; sourceTree = "<group>"; };
		C1BDC38E25E89E9D001B660A /* SceneDelegate.h */ = {isa = PBXFileReference; lastKnownFileType = sourcecode.c.h; path = SceneDelegate.h; sourceTree = "<group>"; };
		C1BDC38F25E89E9D001B660A /* SceneDelegate.m */ = {isa = PBXFileReference; lastKnownFileType = sourcecode.c.objc; path = SceneDelegate.m; sourceTree = "<group>"; };
		C1BDC39125E89E9E001B660A /* ViewController.h */ = {isa = PBXFileReference; lastKnownFileType = sourcecode.c.h; path = ViewController.h; sourceTree = "<group>"; };
		C1BDC39225E89E9E001B660A /* ViewController.m */ = {isa = PBXFileReference; lastKnownFileType = sourcecode.c.objc; path = ViewController.m; sourceTree = "<group>"; };
		C1BDC39725E89E9E001B660A /* Assets.xcassets */ = {isa = PBXFileReference; lastKnownFileType = folder.assetcatalog; path = Assets.xcassets; sourceTree = "<group>"; };
		C1BDC39A25E89E9E001B660A /* Base */ = {isa = PBXFileReference; lastKnownFileType = file.storyboard; name = Base; path = Base.lproj/LaunchScreen.storyboard; sourceTree = "<group>"; };
		C1BDC39C25E89E9E001B660A /* Info.plist */ = {isa = PBXFileReference; lastKnownFileType = text.plist.xml; path = Info.plist; sourceTree = "<group>"; };
		C1BDC39D25E89E9E001B660A /* main.m */ = {isa = PBXFileReference; lastKnownFileType = sourcecode.c.objc; path = main.m; sourceTree = "<group>"; };
		C1BDC3A325E89E9E001B660A /* WebView1Tests.xctest */ = {isa = PBXFileReference; explicitFileType = wrapper.cfbundle; includeInIndex = 0; path = WebView1Tests.xctest; sourceTree = BUILT_PRODUCTS_DIR; };
		C1BDC3A725E89E9E001B660A /* WebView1Tests.m */ = {isa = PBXFileReference; lastKnownFileType = sourcecode.c.objc; path = WebView1Tests.m; sourceTree = "<group>"; };
		C1BDC3A925E89E9E001B660A /* Info.plist */ = {isa = PBXFileReference; lastKnownFileType = text.plist.xml; path = Info.plist; sourceTree = "<group>"; };
		C1BDC3AE25E89E9E001B660A /* WebView1UITests.xctest */ = {isa = PBXFileReference; explicitFileType = wrapper.cfbundle; includeInIndex = 0; path = WebView1UITests.xctest; sourceTree = BUILT_PRODUCTS_DIR; };
		C1BDC3B225E89E9E001B660A /* WebView1UITests.m */ = {isa = PBXFileReference; lastKnownFileType = sourcecode.c.objc; path = WebView1UITests.m; sourceTree = "<group>"; };
		C1BDC3B425E89E9E001B660A /* Info.plist */ = {isa = PBXFileReference; lastKnownFileType = text.plist.xml; path = Info.plist; sourceTree = "<group>"; };
/* End PBXFileReference section */

/* Begin PBXFrameworksBuildPhase section */
		C1BDC38525E89E9D001B660A /* Frameworks */ = {
			isa = PBXFrameworksBuildPhase;
			buildActionMask = 2147483647;
			files = (
				662464D71B6B8E92D6779C2B /* Pods_WebView1.framework in Frameworks */,
			);
			runOnlyForDeploymentPostprocessing = 0;
		};
		C1BDC3A025E89E9E001B660A /* Frameworks */ = {
			isa = PBXFrameworksBuildPhase;
			buildActionMask = 2147483647;
			files = (
				F92B9A9663B812A182D5126F /* Pods_WebView1Tests.framework in Frameworks */,
			);
			runOnlyForDeploymentPostprocessing = 0;
		};
		C1BDC3AB25E89E9E001B660A /* Frameworks */ = {
			isa = PBXFrameworksBuildPhase;
			buildActionMask = 2147483647;
			files = (
				26686A0A6F24715B9C57DB0B /* Pods_WebView1_WebView1UITests.framework in Frameworks */,
			);
			runOnlyForDeploymentPostprocessing = 0;
		};
/* End PBXFrameworksBuildPhase section */

/* Begin PBXGroup section */
		0EE783E7B872199DEB6299B2 /* Pods */ = {
			isa = PBXGroup;
			children = (
				28E97B6A242EF7DBD95EE9BF /* Pods-WebView1.debug.xcconfig */,
				2D517A896DDF17B4375454D4 /* Pods-WebView1.release.xcconfig */,
				399D100B693FABC2500DC22C /* Pods-WebView1-WebView1UITests.debug.xcconfig */,
				A9F5453E2B18C78723A477CE /* Pods-WebView1-WebView1UITests.release.xcconfig */,
				9E7A49DDE422B4BE210A2E63 /* Pods-WebView1Tests.debug.xcconfig */,
				7EBBC128DB18ED7F2977C711 /* Pods-WebView1Tests.release.xcconfig */,
			);
			path = Pods;
			sourceTree = "<group>";
		};
		A0BCDFFFAF2C11003A11C0AA /* Frameworks */ = {
			isa = PBXGroup;
			children = (
				572E1780B25BB58F094A420C /* Pods_WebView1.framework */,
				880C2BC174927E6C2484FA02 /* Pods_WebView1_WebView1UITests.framework */,
				8236D02EE9AD84E7EDC53F64 /* Pods_WebView1Tests.framework */,
			);
			name = Frameworks;
			sourceTree = "<group>";
		};
		C12D547025ECD40B0066F914 /* UiWebView-JavaScriptCore */ = {
			isa = PBXGroup;
			children = (
				C12D547225ECD40B0066F914 /* UIWebViewJavaScriptCoreViewController.h */,
				C12D547125ECD40B0066F914 /* UIWebViewJavaScriptCoreViewController.m */,
				C12D547325ECD40B0066F914 /* UIWebView-JavaScriptCore.html */,
			);
			path = "UiWebView-JavaScriptCore";
			sourceTree = "<group>";
		};
		C12D547425ECD40B0066F914 /* UIWebView-ProtocolIntercept */ = {
			isa = PBXGroup;
			children = (
				C12D547525ECD40B0066F914 /* UiWebViewProtocolinterceptViewController.h */,
				C12D547625ECD40B0066F914 /* UiWebViewProtocolinterceptViewController.m */,
				C12D547725ECD40B0066F914 /* UIWebView-Intercept.html */,
			);
			path = "UIWebView-ProtocolIntercept";
			sourceTree = "<group>";
		};
		C12D547825ECD40B0066F914 /* WKWebView-ProtocolIntercept */ = {
			isa = PBXGroup;
			children = (
				C12D547B25ECD40B0066F914 /* WKWebViewProtocolinterceptViewController.h */,
				C12D547925ECD40B0066F914 /* WKWebViewProtocolinterceptViewController.m */,
				C12D547A25ECD40B0066F914 /* WKWebView-Intercept.html */,
			);
			path = "WKWebView-ProtocolIntercept";
			sourceTree = "<group>";
		};
		C12D548525ECD4500066F914 /* WKWebView-MessageHandler */ = {
			isa = PBXGroup;
			children = (
				C12D549125ECD55F0066F914 /* WKWebViewWKScriptMessageHandlerController.h */,
				C12D549225ECD55F0066F914 /* WKWebViewWKScriptMessageHandlerController.m */,
				C12D548C25ECD5350066F914 /* WKWebView-WKScriptMessageHandler.html */,
			);
			path = "WKWebView-MessageHandler";
			sourceTree = "<group>";
		};
		C12D54A925ECDE960066F914 /* WKWebView-JavaScriptBridge */ = {
			isa = PBXGroup;
			children = (
				C12D54AA25ECDED40066F914 /* WKWebViewJavaScriptBridgeController.h */,
				C12D54AB25ECDED40066F914 /* WKWebViewJavaScriptBridgeController.m */,
				C12D54B325ECDF1D0066F914 /* WKWebView-JavascriptBridge.html */,
			);
			path = "WKWebView-JavaScriptBridge";
			sourceTree = "<group>";
		};
		C1BDC37F25E89E9D001B660A = {
			isa = PBXGroup;
			children = (
				C1BDC38A25E89E9D001B660A /* WebView1 */,
				C1BDC3A625E89E9E001B660A /* WebView1Tests */,
				C1BDC3B125E89E9E001B660A /* WebView1UITests */,
				C1BDC38925E89E9D001B660A /* Products */,
				0EE783E7B872199DEB6299B2 /* Pods */,
				A0BCDFFFAF2C11003A11C0AA /* Frameworks */,
			);
			sourceTree = "<group>";
		};
		C1BDC38925E89E9D001B660A /* Products */ = {
			isa = PBXGroup;
			children = (
				C1BDC38825E89E9D001B660A /* WebView1.app */,
				C1BDC3A325E89E9E001B660A /* WebView1Tests.xctest */,
				C1BDC3AE25E89E9E001B660A /* WebView1UITests.xctest */,
			);
			name = Products;
			sourceTree = "<group>";
		};
		C1BDC38A25E89E9D001B660A /* WebView1 */ = {
			isa = PBXGroup;
			children = (
				C1BDC38B25E89E9D001B660A /* AppDelegate.h */,
				C1BDC38C25E89E9D001B660A /* AppDelegate.m */,
				C1BDC38E25E89E9D001B660A /* SceneDelegate.h */,
				C1BDC38F25E89E9D001B660A /* SceneDelegate.m */,
				C1BDC39125E89E9E001B660A /* ViewController.h */,
				C1BDC39225E89E9E001B660A /* ViewController.m */,
				C12D545425ECC22D0066F914 /* BaseViewController.h */,
				C12D545525ECC22D0066F914 /* BaseViewController.m */,
				C12D545F25ECC8D30066F914 /* BaseViewController1.h */,
				C12D546025ECC8D30066F914 /* BaseViewController1.m */,
				C12D54A925ECDE960066F914 /* WKWebView-JavaScriptBridge */,
				C12D548525ECD4500066F914 /* WKWebView-MessageHandler */,
				C12D547025ECD40B0066F914 /* UiWebView-JavaScriptCore */,
				C12D547425ECD40B0066F914 /* UIWebView-ProtocolIntercept */,
				C12D547825ECD40B0066F914 /* WKWebView-ProtocolIntercept */,
				C1BDC39725E89E9E001B660A /* Assets.xcassets */,
				C1BDC39925E89E9E001B660A /* LaunchScreen.storyboard */,
				C1BDC39C25E89E9E001B660A /* Info.plist */,
				C1BDC39D25E89E9E001B660A /* main.m */,
			);
			path = WebView1;
			sourceTree = "<group>";
		};
		C1BDC3A625E89E9E001B660A /* WebView1Tests */ = {
			isa = PBXGroup;
			children = (
				C1BDC3A725E89E9E001B660A /* WebView1Tests.m */,
				C1BDC3A925E89E9E001B660A /* Info.plist */,
			);
			path = WebView1Tests;
			sourceTree = "<group>";
		};
		C1BDC3B125E89E9E001B660A /* WebView1UITests */ = {
			isa = PBXGroup;
			children = (
				C1BDC3B225E89E9E001B660A /* WebView1UITests.m */,
				C1BDC3B425E89E9E001B660A /* Info.plist */,
			);
			path = WebView1UITests;
			sourceTree = "<group>";
		};
/* End PBXGroup section */

/* Begin PBXNativeTarget section */
		C1BDC38725E89E9D001B660A /* WebView1 */ = {
			isa = PBXNativeTarget;
			buildConfigurationList = C1BDC3B725E89E9E001B660A /* Build configuration list for PBXNativeTarget "WebView1" */;
			buildPhases = (
				699FC7AC13ADA6C6A6A24C7A /* [CP] Check Pods Manifest.lock */,
				C1BDC38425E89E9D001B660A /* Sources */,
				C1BDC38525E89E9D001B660A /* Frameworks */,
				C1BDC38625E89E9D001B660A /* Resources */,
				D8998E89EADF722241DCD245 /* [CP] Embed Pods Frameworks */,
			);
			buildRules = (
			);
			dependencies = (
			);
			name = WebView1;
			productName = WebView1;
			productReference = C1BDC38825E89E9D001B660A /* WebView1.app */;
			productType = "com.apple.product-type.application";
		};
		C1BDC3A225E89E9E001B660A /* WebView1Tests */ = {
			isa = PBXNativeTarget;
			buildConfigurationList = C1BDC3BA25E89E9E001B660A /* Build configuration list for PBXNativeTarget "WebView1Tests" */;
			buildPhases = (
				FCB47C598E56519D3BB5F6B3 /* [CP] Check Pods Manifest.lock */,
				C1BDC39F25E89E9E001B660A /* Sources */,
				C1BDC3A025E89E9E001B660A /* Frameworks */,
				C1BDC3A125E89E9E001B660A /* Resources */,
			);
			buildRules = (
			);
			dependencies = (
				C1BDC3A525E89E9E001B660A /* PBXTargetDependency */,
			);
			name = WebView1Tests;
			productName = WebView1Tests;
			productReference = C1BDC3A325E89E9E001B660A /* WebView1Tests.xctest */;
			productType = "com.apple.product-type.bundle.unit-test";
		};
		C1BDC3AD25E89E9E001B660A /* WebView1UITests */ = {
			isa = PBXNativeTarget;
			buildConfigurationList = C1BDC3BD25E89E9E001B660A /* Build configuration list for PBXNativeTarget "WebView1UITests" */;
			buildPhases = (
				E58DC71DB8DAD7C0F3BE7457 /* [CP] Check Pods Manifest.lock */,
				C1BDC3AA25E89E9E001B660A /* Sources */,
				C1BDC3AB25E89E9E001B660A /* Frameworks */,
				C1BDC3AC25E89E9E001B660A /* Resources */,
				29E4930319764D85C9F1CCCD /* [CP] Embed Pods Frameworks */,
			);
			buildRules = (
			);
			dependencies = (
				C1BDC3B025E89E9E001B660A /* PBXTargetDependency */,
			);
			name = WebView1UITests;
			productName = WebView1UITests;
			productReference = C1BDC3AE25E89E9E001B660A /* WebView1UITests.xctest */;
			productType = "com.apple.product-type.bundle.ui-testing";
		};
/* End PBXNativeTarget section */

/* Begin PBXProject section */
		C1BDC38025E89E9D001B660A /* Project object */ = {
			isa = PBXProject;
			attributes = {
				LastUpgradeCheck = 1240;
				TargetAttributes = {
					C1BDC38725E89E9D001B660A = {
						CreatedOnToolsVersion = 12.4;
					};
					C1BDC3A225E89E9E001B660A = {
						CreatedOnToolsVersion = 12.4;
						TestTargetID = C1BDC38725E89E9D001B660A;
					};
					C1BDC3AD25E89E9E001B660A = {
						CreatedOnToolsVersion = 12.4;
						TestTargetID = C1BDC38725E89E9D001B660A;
					};
				};
			};
			buildConfigurationList = C1BDC38325E89E9D001B660A /* Build configuration list for PBXProject "WebView1" */;
			compatibilityVersion = "Xcode 9.3";
			developmentRegion = en;
			hasScannedForEncodings = 0;
			knownRegions = (
				en,
				Base,
			);
			mainGroup = C1BDC37F25E89E9D001B660A;
			productRefGroup = C1BDC38925E89E9D001B660A /* Products */;
			projectDirPath = "";
			projectRoot = "";
			targets = (
				C1BDC38725E89E9D001B660A /* WebView1 */,
				C1BDC3A225E89E9E001B660A /* WebView1Tests */,
				C1BDC3AD25E89E9E001B660A /* WebView1UITests */,
			);
		};
/* End PBXProject section */

/* Begin PBXResourcesBuildPhase section */
		C1BDC38625E89E9D001B660A /* Resources */ = {
			isa = PBXResourcesBuildPhase;
			buildActionMask = 2147483647;
			files = (
				C12D548D25ECD5350066F914 /* WKWebView-WKScriptMessageHandler.html in Resources */,
				C1BDC39B25E89E9E001B660A /* LaunchScreen.storyboard in Resources */,
				C12D547F25ECD40B0066F914 /* UIWebView-Intercept.html in Resources */,
				C12D548125ECD40B0066F914 /* WKWebView-Intercept.html in Resources */,
				C12D547D25ECD40B0066F914 /* UIWebView-JavaScriptCore.html in Resources */,
				C12D54B425ECDF1D0066F914 /* WKWebView-JavascriptBridge.html in Resources */,
				C1BDC39825E89E9E001B660A /* Assets.xcassets in Resources */,
			);
			runOnlyForDeploymentPostprocessing = 0;
		};
		C1BDC3A125E89E9E001B660A /* Resources */ = {
			isa = PBXResourcesBuildPhase;
			buildActionMask = 2147483647;
			files = (
			);
			runOnlyForDeploymentPostprocessing = 0;
		};
		C1BDC3AC25E89E9E001B660A /* Resources */ = {
			isa = PBXResourcesBuildPhase;
			buildActionMask = 2147483647;
			files = (
			);
			runOnlyForDeploymentPostprocessing = 0;
		};
/* End PBXResourcesBuildPhase section */

/* Begin PBXShellScriptBuildPhase section */
		29E4930319764D85C9F1CCCD /* [CP] Embed Pods Frameworks */ = {
			isa = PBXShellScriptBuildPhase;
			buildActionMask = 2147483647;
			files = (
			);
			inputFileListPaths = (
				"${PODS_ROOT}/Target Support Files/Pods-WebView1-WebView1UITests/Pods-WebView1-WebView1UITests-frameworks-${CONFIGURATION}-input-files.xcfilelist",
			);
			name = "[CP] Embed Pods Frameworks";
			outputFileListPaths = (
				"${PODS_ROOT}/Target Support Files/Pods-WebView1-WebView1UITests/Pods-WebView1-WebView1UITests-frameworks-${CONFIGURATION}-output-files.xcfilelist",
			);
			runOnlyForDeploymentPostprocessing = 0;
			shellPath = /bin/sh;
			shellScript = "\"${PODS_ROOT}/Target Support Files/Pods-WebView1-WebView1UITests/Pods-WebView1-WebView1UITests-frameworks.sh\"\n";
			showEnvVarsInLog = 0;
		};
		699FC7AC13ADA6C6A6A24C7A /* [CP] Check Pods Manifest.lock */ = {
			isa = PBXShellScriptBuildPhase;
			buildActionMask = 2147483647;
			files = (
			);
			inputFileListPaths = (
			);
			inputPaths = (
				"${PODS_PODFILE_DIR_PATH}/Podfile.lock",
				"${PODS_ROOT}/Manifest.lock",
			);
			name = "[CP] Check Pods Manifest.lock";
			outputFileListPaths = (
			);
			outputPaths = (
				"$(DERIVED_FILE_DIR)/Pods-WebView1-checkManifestLockResult.txt",
			);
			runOnlyForDeploymentPostprocessing = 0;
			shellPath = /bin/sh;
			shellScript = "diff \"${PODS_PODFILE_DIR_PATH}/Podfile.lock\" \"${PODS_ROOT}/Manifest.lock\" > /dev/null\nif [ $? != 0 ] ; then\n    # print error to STDERR\n    echo \"error: The sandbox is not in sync with the Podfile.lock. Run 'pod install' or update your CocoaPods installation.\" >&2\n    exit 1\nfi\n# This output is used by Xcode 'outputs' to avoid re-running this script phase.\necho \"SUCCESS\" > \"${SCRIPT_OUTPUT_FILE_0}\"\n";
			showEnvVarsInLog = 0;
		};
		D8998E89EADF722241DCD245 /* [CP] Embed Pods Frameworks */ = {
			isa = PBXShellScriptBuildPhase;
			buildActionMask = 2147483647;
			files = (
			);
			inputFileListPaths = (
				"${PODS_ROOT}/Target Support Files/Pods-WebView1/Pods-WebView1-frameworks-${CONFIGURATION}-input-files.xcfilelist",
			);
			name = "[CP] Embed Pods Frameworks";
			outputFileListPaths = (
				"${PODS_ROOT}/Target Support Files/Pods-WebView1/Pods-WebView1-frameworks-${CONFIGURATION}-output-files.xcfilelist",
			);
			runOnlyForDeploymentPostprocessing = 0;
			shellPath = /bin/sh;
			shellScript = "\"${PODS_ROOT}/Target Support Files/Pods-WebView1/Pods-WebView1-frameworks.sh\"\n";
			showEnvVarsInLog = 0;
		};
		E58DC71DB8DAD7C0F3BE7457 /* [CP] Check Pods Manifest.lock */ = {
			isa = PBXShellScriptBuildPhase;
			buildActionMask = 2147483647;
			files = (
			);
			inputFileListPaths = (
			);
			inputPaths = (
				"${PODS_PODFILE_DIR_PATH}/Podfile.lock",
				"${PODS_ROOT}/Manifest.lock",
			);
			name = "[CP] Check Pods Manifest.lock";
			outputFileListPaths = (
			);
			outputPaths = (
				"$(DERIVED_FILE_DIR)/Pods-WebView1-WebView1UITests-checkManifestLockResult.txt",
			);
			runOnlyForDeploymentPostprocessing = 0;
			shellPath = /bin/sh;
			shellScript = "diff \"${PODS_PODFILE_DIR_PATH}/Podfile.lock\" \"${PODS_ROOT}/Manifest.lock\" > /dev/null\nif [ $? != 0 ] ; then\n    # print error to STDERR\n    echo \"error: The sandbox is not in sync with the Podfile.lock. Run 'pod install' or update your CocoaPods installation.\" >&2\n    exit 1\nfi\n# This output is used by Xcode 'outputs' to avoid re-running this script phase.\necho \"SUCCESS\" > \"${SCRIPT_OUTPUT_FILE_0}\"\n";
			showEnvVarsInLog = 0;
		};
		FCB47C598E56519D3BB5F6B3 /* [CP] Check Pods Manifest.lock */ = {
			isa = PBXShellScriptBuildPhase;
			buildActionMask = 2147483647;
			files = (
			);
			inputFileListPaths = (
			);
			inputPaths = (
				"${PODS_PODFILE_DIR_PATH}/Podfile.lock",
				"${PODS_ROOT}/Manifest.lock",
			);
			name = "[CP] Check Pods Manifest.lock";
			outputFileListPaths = (
			);
			outputPaths = (
				"$(DERIVED_FILE_DIR)/Pods-WebView1Tests-checkManifestLockResult.txt",
			);
			runOnlyForDeploymentPostprocessing = 0;
			shellPath = /bin/sh;
			shellScript = "diff \"${PODS_PODFILE_DIR_PATH}/Podfile.lock\" \"${PODS_ROOT}/Manifest.lock\" > /dev/null\nif [ $? != 0 ] ; then\n    # print error to STDERR\n    echo \"error: The sandbox is not in sync with the Podfile.lock. Run 'pod install' or update your CocoaPods installation.\" >&2\n    exit 1\nfi\n# This output is used by Xcode 'outputs' to avoid re-running this script phase.\necho \"SUCCESS\" > \"${SCRIPT_OUTPUT_FILE_0}\"\n";
			showEnvVarsInLog = 0;
		};
/* End PBXShellScriptBuildPhase section */

/* Begin PBXSourcesBuildPhase section */
		C1BDC38425E89E9D001B660A /* Sources */ = {
			isa = PBXSourcesBuildPhase;
			buildActionMask = 2147483647;
			files = (
				C1BDC39325E89E9E001B660A /* ViewController.m in Sources */,
				C1BDC38D25E89E9D001B660A /* AppDelegate.m in Sources */,
				C1BDC39E25E89E9E001B660A /* main.m in Sources */,
				C12D547E25ECD40B0066F914 /* UiWebViewProtocolinterceptViewController.m in Sources */,
				C12D547C25ECD40B0066F914 /* UIWebViewJavaScriptCoreViewController.m in Sources */,
				C12D546125ECC8D30066F914 /* BaseViewController1.m in Sources */,
				C12D545625ECC22D0066F914 /* BaseViewController.m in Sources */,
				C12D549325ECD55F0066F914 /* WKWebViewWKScriptMessageHandlerController.m in Sources */,
				C12D54AC25ECDED40066F914 /* WKWebViewJavaScriptBridgeController.m in Sources */,
				C1BDC39025E89E9D001B660A /* SceneDelegate.m in Sources */,
				C12D548025ECD40B0066F914 /* WKWebViewProtocolinterceptViewController.m in Sources */,
			);
			runOnlyForDeploymentPostprocessing = 0;
		};
		C1BDC39F25E89E9E001B660A /* Sources */ = {
			isa = PBXSourcesBuildPhase;
			buildActionMask = 2147483647;
			files = (
				C1BDC3A825E89E9E001B660A /* WebView1Tests.m in Sources */,
			);
			runOnlyForDeploymentPostprocessing = 0;
		};
		C1BDC3AA25E89E9E001B660A /* Sources */ = {
			isa = PBXSourcesBuildPhase;
			buildActionMask = 2147483647;
			files = (
				C1BDC3B325E89E9E001B660A /* WebView1UITests.m in Sources */,
			);
			runOnlyForDeploymentPostprocessing = 0;
		};
/* End PBXSourcesBuildPhase section */

/* Begin PBXTargetDependency section */
		C1BDC3A525E89E9E001B660A /* PBXTargetDependency */ = {
			isa = PBXTargetDependency;
			target = C1BDC38725E89E9D001B660A /* WebView1 */;
			targetProxy = C1BDC3A425E89E9E001B660A /* PBXContainerItemProxy */;
		};
		C1BDC3B025E89E9E001B660A /* PBXTargetDependency */ = {
			isa = PBXTargetDependency;
			target = C1BDC38725E89E9D001B660A /* WebView1 */;
			targetProxy = C1BDC3AF25E89E9E001B660A /* PBXContainerItemProxy */;
		};
/* End PBXTargetDependency section */

/* Begin PBXVariantGroup section */
		C1BDC39925E89E9E001B660A /* LaunchScreen.storyboard */ = {
			isa = PBXVariantGroup;
			children = (
				C1BDC39A25E89E9E001B660A /* Base */,
			);
			name = LaunchScreen.storyboard;
			sourceTree = "<group>";
		};
/* End PBXVariantGroup section */

/* Begin XCBuildConfiguration section */
		C1BDC3B525E89E9E001B660A /* Debug */ = {
			isa = XCBuildConfiguration;
			buildSettings = {
				ALWAYS_SEARCH_USER_PATHS = NO;
				CLANG_ANALYZER_NONNULL = YES;
				CLANG_ANALYZER_NUMBER_OBJECT_CONVERSION = YES_AGGRESSIVE;
				CLANG_CXX_LANGUAGE_STANDARD = "gnu++14";
				CLANG_CXX_LIBRARY = "libc++";
				CLANG_ENABLE_MODULES = YES;
				CLANG_ENABLE_OBJC_ARC = YES;
				CLANG_ENABLE_OBJC_WEAK = YES;
				CLANG_WARN_BLOCK_CAPTURE_AUTORELEASING = YES;
				CLANG_WARN_BOOL_CONVERSION = YES;
				CLANG_WARN_COMMA = YES;
				CLANG_WARN_CONSTANT_CONVERSION = YES;
				CLANG_WARN_DEPRECATED_OBJC_IMPLEMENTATIONS = YES;
				CLANG_WARN_DIRECT_OBJC_ISA_USAGE = YES_ERROR;
				CLANG_WARN_DOCUMENTATION_COMMENTS = YES;
				CLANG_WARN_EMPTY_BODY = YES;
				CLANG_WARN_ENUM_CONVERSION = YES;
				CLANG_WARN_INFINITE_RECURSION = YES;
				CLANG_WARN_INT_CONVERSION = YES;
				CLANG_WARN_NON_LITERAL_NULL_CONVERSION = YES;
				CLANG_WARN_OBJC_IMPLICIT_RETAIN_SELF = YES;
				CLANG_WARN_OBJC_LITERAL_CONVERSION = YES;
				CLANG_WARN_OBJC_ROOT_CLASS = YES_ERROR;
				CLANG_WARN_QUOTED_INCLUDE_IN_FRAMEWORK_HEADER = YES;
				CLANG_WARN_RANGE_LOOP_ANALYSIS = YES;
				CLANG_WARN_STRICT_PROTOTYPES = YES;
				CLANG_WARN_SUSPICIOUS_MOVE = YES;
				CLANG_WARN_UNGUARDED_AVAILABILITY = YES_AGGRESSIVE;
				CLANG_WARN_UNREACHABLE_CODE = YES;
				CLANG_WARN__DUPLICATE_METHOD_MATCH = YES;
				COPY_PHASE_STRIP = NO;
				DEBUG_INFORMATION_FORMAT = dwarf;
				ENABLE_STRICT_OBJC_MSGSEND = YES;
				ENABLE_TESTABILITY = YES;
				GCC_C_LANGUAGE_STANDARD = gnu11;
				GCC_DYNAMIC_NO_PIC = NO;
				GCC_NO_COMMON_BLOCKS = YES;
				GCC_OPTIMIZATION_LEVEL = 0;
				GCC_PREPROCESSOR_DEFINITIONS = (
					"DEBUG=1",
					"$(inherited)",
				);
				GCC_WARN_64_TO_32_BIT_CONVERSION = YES;
				GCC_WARN_ABOUT_RETURN_TYPE = YES_ERROR;
				GCC_WARN_UNDECLARED_SELECTOR = YES;
				GCC_WARN_UNINITIALIZED_AUTOS = YES_AGGRESSIVE;
				GCC_WARN_UNUSED_FUNCTION = YES;
				GCC_WARN_UNUSED_VARIABLE = YES;
				IPHONEOS_DEPLOYMENT_TARGET = 14.4;
				MTL_ENABLE_DEBUG_INFO = INCLUDE_SOURCE;
				MTL_FAST_MATH = YES;
				ONLY_ACTIVE_ARCH = YES;
				SDKROOT = iphoneos;
			};
			name = Debug;
		};
		C1BDC3B625E89E9E001B660A /* Release */ = {
			isa = XCBuildConfiguration;
			buildSettings = {
				ALWAYS_SEARCH_USER_PATHS = NO;
				CLANG_ANALYZER_NONNULL = YES;
				CLANG_ANALYZER_NUMBER_OBJECT_CONVERSION = YES_AGGRESSIVE;
				CLANG_CXX_LANGUAGE_STANDARD = "gnu++14";
				CLANG_CXX_LIBRARY = "libc++";
				CLANG_ENABLE_MODULES = YES;
				CLANG_ENABLE_OBJC_ARC = YES;
				CLANG_ENABLE_OBJC_WEAK = YES;
				CLANG_WARN_BLOCK_CAPTURE_AUTORELEASING = YES;
				CLANG_WARN_BOOL_CONVERSION = YES;
				CLANG_WARN_COMMA = YES;
				CLANG_WARN_CONSTANT_CONVERSION = YES;
				CLANG_WARN_DEPRECATED_OBJC_IMPLEMENTATIONS = YES;
				CLANG_WARN_DIRECT_OBJC_ISA_USAGE = YES_ERROR;
				CLANG_WARN_DOCUMENTATION_COMMENTS = YES;
				CLANG_WARN_EMPTY_BODY = YES;
				CLANG_WARN_ENUM_CONVERSION = YES;
				CLANG_WARN_INFINITE_RECURSION = YES;
				CLANG_WARN_INT_CONVERSION = YES;
				CLANG_WARN_NON_LITERAL_NULL_CONVERSION = YES;
				CLANG_WARN_OBJC_IMPLICIT_RETAIN_SELF = YES;
				CLANG_WARN_OBJC_LITERAL_CONVERSION = YES;
				CLANG_WARN_OBJC_ROOT_CLASS = YES_ERROR;
				CLANG_WARN_QUOTED_INCLUDE_IN_FRAMEWORK_HEADER = YES;
				CLANG_WARN_RANGE_LOOP_ANALYSIS = YES;
				CLANG_WARN_STRICT_PROTOTYPES = YES;
				CLANG_WARN_SUSPICIOUS_MOVE = YES;
				CLANG_WARN_UNGUARDED_AVAILABILITY = YES_AGGRESSIVE;
				CLANG_WARN_UNREACHABLE_CODE = YES;
				CLANG_WARN__DUPLICATE_METHOD_MATCH = YES;
				COPY_PHASE_STRIP = NO;
				DEBUG_INFORMATION_FORMAT = "dwarf-with-dsym";
				ENABLE_NS_ASSERTIONS = NO;
				ENABLE_STRICT_OBJC_MSGSEND = YES;
				GCC_C_LANGUAGE_STANDARD = gnu11;
				GCC_NO_COMMON_BLOCKS = YES;
				GCC_WARN_64_TO_32_BIT_CONVERSION = YES;
				GCC_WARN_ABOUT_RETURN_TYPE = YES_ERROR;
				GCC_WARN_UNDECLARED_SELECTOR = YES;
				GCC_WARN_UNINITIALIZED_AUTOS = YES_AGGRESSIVE;
				GCC_WARN_UNUSED_FUNCTION = YES;
				GCC_WARN_UNUSED_VARIABLE = YES;
				IPHONEOS_DEPLOYMENT_TARGET = 14.4;
				MTL_ENABLE_DEBUG_INFO = NO;
				MTL_FAST_MATH = YES;
				SDKROOT = iphoneos;
				VALIDATE_PRODUCT = YES;
			};
			name = Release;
		};
		C1BDC3B825E89E9E001B660A /* Debug */ = {
			isa = XCBuildConfiguration;
			baseConfigurationReference = 28E97B6A242EF7DBD95EE9BF /* Pods-WebView1.debug.xcconfig */;
			buildSettings = {
				ASSETCATALOG_COMPILER_APPICON_NAME = AppIcon;
				ASSETCATALOG_COMPILER_GLOBAL_ACCENT_COLOR_NAME = AccentColor;
				CODE_SIGN_STYLE = Automatic;
				DEVELOPMENT_TEAM = R7H5Y93ZJN;
				INFOPLIST_FILE = WebView1/Info.plist;
				IPHONEOS_DEPLOYMENT_TARGET = 14.4;
				LD_RUNPATH_SEARCH_PATHS = (
					"$(inherited)",
					"@executable_path/Frameworks",
				);
				PRODUCT_BUNDLE_IDENTIFIER = liuningbo.WebView1;
				PRODUCT_NAME = "$(TARGET_NAME)";
				TARGETED_DEVICE_FAMILY = 1;
			};
			name = Debug;
		};
		C1BDC3B925E89E9E001B660A /* Release */ = {
			isa = XCBuildConfiguration;
			baseConfigurationReference = 2D517A896DDF17B4375454D4 /* Pods-WebView1.release.xcconfig */;
			buildSettings = {
				ASSETCATALOG_COMPILER_APPICON_NAME = AppIcon;
				ASSETCATALOG_COMPILER_GLOBAL_ACCENT_COLOR_NAME = AccentColor;
				CODE_SIGN_STYLE = Automatic;
				DEVELOPMENT_TEAM = R7H5Y93ZJN;
				INFOPLIST_FILE = WebView1/Info.plist;
				IPHONEOS_DEPLOYMENT_TARGET = 14.4;
				LD_RUNPATH_SEARCH_PATHS = (
					"$(inherited)",
					"@executable_path/Frameworks",
				);
				PRODUCT_BUNDLE_IDENTIFIER = liuningbo.WebView1;
				PRODUCT_NAME = "$(TARGET_NAME)";
				TARGETED_DEVICE_FAMILY = 1;
			};
			name = Release;
		};
		C1BDC3BB25E89E9E001B660A /* Debug */ = {
			isa = XCBuildConfiguration;
			baseConfigurationReference = 9E7A49DDE422B4BE210A2E63 /* Pods-WebView1Tests.debug.xcconfig */;
			buildSettings = {
				BUNDLE_LOADER = "$(TEST_HOST)";
				CODE_SIGN_STYLE = Automatic;
				DEVELOPMENT_TEAM = R7H5Y93ZJN;
				INFOPLIST_FILE = WebView1Tests/Info.plist;
				IPHONEOS_DEPLOYMENT_TARGET = 14.4;
				LD_RUNPATH_SEARCH_PATHS = (
					"$(inherited)",
					"@executable_path/Frameworks",
					"@loader_path/Frameworks",
				);
				PRODUCT_BUNDLE_IDENTIFIER = liuningbo.WebView1Tests;
				PRODUCT_NAME = "$(TARGET_NAME)";
				TARGETED_DEVICE_FAMILY = "1,2";
				TEST_HOST = "$(BUILT_PRODUCTS_DIR)/WebView1.app/WebView1";
			};
			name = Debug;
		};
		C1BDC3BC25E89E9E001B660A /* Release */ = {
			isa = XCBuildConfiguration;
			baseConfigurationReference = 7EBBC128DB18ED7F2977C711 /* Pods-WebView1Tests.release.xcconfig */;
			buildSettings = {
				BUNDLE_LOADER = "$(TEST_HOST)";
				CODE_SIGN_STYLE = Automatic;
				DEVELOPMENT_TEAM = R7H5Y93ZJN;
				INFOPLIST_FILE = WebView1Tests/Info.plist;
				IPHONEOS_DEPLOYMENT_TARGET = 14.4;
				LD_RUNPATH_SEARCH_PATHS = (
					"$(inherited)",
					"@executable_path/Frameworks",
					"@loader_path/Frameworks",
				);
				PRODUCT_BUNDLE_IDENTIFIER = liuningbo.WebView1Tests;
				PRODUCT_NAME = "$(TARGET_NAME)";
				TARGETED_DEVICE_FAMILY = "1,2";
				TEST_HOST = "$(BUILT_PRODUCTS_DIR)/WebView1.app/WebView1";
			};
			name = Release;
		};
		C1BDC3BE25E89E9E001B660A /* Debug */ = {
			isa = XCBuildConfiguration;
			baseConfigurationReference = 399D100B693FABC2500DC22C /* Pods-WebView1-WebView1UITests.debug.xcconfig */;
			buildSettings = {
				CODE_SIGN_STYLE = Automatic;
				DEVELOPMENT_TEAM = R7H5Y93ZJN;
				INFOPLIST_FILE = WebView1UITests/Info.plist;
				LD_RUNPATH_SEARCH_PATHS = (
					"$(inherited)",
					"@executable_path/Frameworks",
					"@loader_path/Frameworks",
				);
				PRODUCT_BUNDLE_IDENTIFIER = liuningbo.WebView1UITests;
				PRODUCT_NAME = "$(TARGET_NAME)";
				TARGETED_DEVICE_FAMILY = "1,2";
				TEST_TARGET_NAME = WebView1;
			};
			name = Debug;
		};
		C1BDC3BF25E89E9E001B660A /* Release */ = {
			isa = XCBuildConfiguration;
			baseConfigurationReference = A9F5453E2B18C78723A477CE /* Pods-WebView1-WebView1UITests.release.xcconfig */;
			buildSettings = {
				CODE_SIGN_STYLE = Automatic;
				DEVELOPMENT_TEAM = R7H5Y93ZJN;
				INFOPLIST_FILE = WebView1UITests/Info.plist;
				LD_RUNPATH_SEARCH_PATHS = (
					"$(inherited)",
					"@executable_path/Frameworks",
					"@loader_path/Frameworks",
				);
				PRODUCT_BUNDLE_IDENTIFIER = liuningbo.WebView1UITests;
				PRODUCT_NAME = "$(TARGET_NAME)";
				TARGETED_DEVICE_FAMILY = "1,2";
				TEST_TARGET_NAME = WebView1;
			};
			name = Release;
		};
/* End XCBuildConfiguration section */

/* Begin XCConfigurationList section */
		C1BDC38325E89E9D001B660A /* Build configuration list for PBXProject "WebView1" */ = {
			isa = XCConfigurationList;
			buildConfigurations = (
				C1BDC3B525E89E9E001B660A /* Debug */,
				C1BDC3B625E89E9E001B660A /* Release */,
			);
			defaultConfigurationIsVisible = 0;
			defaultConfigurationName = Release;
		};
		C1BDC3B725E89E9E001B660A /* Build configuration list for PBXNativeTarget "WebView1" */ = {
			isa = XCConfigurationList;
			buildConfigurations = (
				C1BDC3B825E89E9E001B660A /* Debug */,
				C1BDC3B925E89E9E001B660A /* Release */,
			);
			defaultConfigurationIsVisible = 0;
			defaultConfigurationName = Release;
		};
		C1BDC3BA25E89E9E001B660A /* Build configuration list for PBXNativeTarget "WebView1Tests" */ = {
			isa = XCConfigurationList;
			buildConfigurations = (
				C1BDC3BB25E89E9E001B660A /* Debug */,
				C1BDC3BC25E89E9E001B660A /* Release */,
			);
			defaultConfigurationIsVisible = 0;
			defaultConfigurationName = Release;
		};
		C1BDC3BD25E89E9E001B660A /* Build configuration list for PBXNativeTarget "WebView1UITests" */ = {
			isa = XCConfigurationList;
			buildConfigurations = (
				C1BDC3BE25E89E9E001B660A /* Debug */,
				C1BDC3BF25E89E9E001B660A /* Release */,
			);
			defaultConfigurationIsVisible = 0;
			defaultConfigurationName = Release;
		};
/* End XCConfigurationList section */
	};
	rootObject = C1BDC38025E89E9D001B660A /* Project object */;
}
